github.com/HugoBlox/hugo-blox-builder/modules/blox-bootstrap/v5 v5.9.7 h1:QPek2BL723n+uM4DjyV97qNIoPsmt/vnKAQyaGJbgvQ=
github.com/HugoBlox/hugo-blox-builder/modules/blox-bootstrap/v5 v5.9.7/go.mod h1:xZiTEEurbEwj/NhZohozvlyLCGVCT2wARHDAJeqKG/c=
github.com/HugoBlox/hugo-blox-builder/modules/blox-core v0.3.1/go.mod h1:So8+V2U+TNxlXmcpZfdDX0muLh3PdJ7z92h30sv3bZg=
github.com/HugoBlox/hugo-blox-builder/modules/blox-plugin-decap-cms v0.2.0 h1:CC5DY5yWvAyBjg7R0PCrLsKDSzdTVFZ8YHs7hR3OKSY=
github.com/HugoBlox/hugo-blox-builder/modules/blox-plugin-decap-cms v0.2.0/go.mod h1:Njlsj3S1Z833TdX1nacJZzsiwGGhOq4Nilzo2BH/wQ8=
github.com/HugoBlox/hugo-blox-builder/modules/blox-plugin-netlify v1.2.0 h1:I0urN3LANA8Cv+y5Nk05D44x4d1mj00NrPSmoFKtiKg=
github.com/HugoBlox/hugo-blox-builder/modules/blox-plugin-netlify v1.2.0/go.mod h1:C7jfxMLv1bEUqbM9XDSmEpfOpS8w06OgqNDEcbuRgL4=
github.com/HugoBlox/hugo-blox-builder/modules/blox-seo v0.2.2/go.mod h1:NsESu6cEms1DgH84icCyylElg2Zu8A0f7Fma5JR0LZE=
github.com/HugoBlox/kit/modules/blox v0.0.0-20260219145709-764756ab501c h1:0os5x5rYcF5qY36u/WOP5JSjKxWV7hpR734TrkQus84=
github.com/HugoBlox/kit/modules/blox v0.0.0-20260219145709-764756ab501c/go.mod h1:0F2Ss2NeylmaBP7+qx0U6zFPeMZ9NoLbAQakKXDqygo=
github.com/HugoBlox/kit/modules/integrations/netlify v0.0.0-20260102210655-66cba27dc652 h1:KdTgOy8hzPOUJcMyR6Tp2k3tyaJzoxz2e1zaddcG0uk=
github.com/HugoBlox/kit/modules/integrations/netlify v0.0.0-20260102210655-66cba27dc652/go.mod h1:UuppRGml2K1EmlDkN+HemycohgZLjOy0QPGYOnoPnY4=
github.com/HugoBlox/kit/modules/slides v0.0.0-20260219151239-9965378d1853 h1:P/dUMpwhqh6Pb3owkr7JJHosUIFi0TnJSqsI/5Ks3dc=
github.com/HugoBlox/kit/modules/slides v0.0.0-20260219151239-9965378d1853/go.mod h1:/XTQAtd2KCiwg/GVMAoSzKPf/DYPVbAAEysmBdWgYu4=
